
Microsoft Visual Studio Solution File, Format Version 12.00
# Visual Studio 15
VisualStudioVersion = 15.0.28307.102
MinimumVisualStudioVersion = 10.0.40219.1
Project("{8BC9CEB8-8B4A-11D0-8D11-00A0C91BC942}") = "friend_class_EXAM_30.04.2019", "friend_class_EXAM_30.04.2019\friend_class_EXAM_30.04.2019.vcxproj", "{E754EC87-86BF-438C-BD24-CA3EDF6A1619}"
EndProject
Global
	GlobalSection(SolutionConfigurationPlatforms) = preSolution
		Debug|x64 = Debug|x64
		Debug|x86 = Debug|x86
		Release|x64 = Release|x64
		Release|x86 = Release|x86
	EndGlobalSection
	GlobalSection(ProjectConfigurationPlatforms) = postSolution
		{E754EC87-86BF-438C-BD24-CA3EDF6A1619}.Debug|x64.ActiveCfg = Debug|x64
		{E754EC87-86BF-438C-BD24-CA3EDF6A1619}.Debug|x64.Build.0 = Debug|x64
		{E754EC87-86BF-438C-BD24-CA3EDF6A1619}.Debug|x86.ActiveCfg = Debug|Win32
		{E754EC87-86BF-438C-BD24-CA3EDF6A1619}.Debug|x86.Build.0 = Debug|Win32
		{E754EC87-86BF-438C-BD24-CA3EDF6A1619}.Release|x64.ActiveCfg = Release|x64
		{E754EC87-86BF-438C-BD24-CA3EDF6A1619}.Release|x64.Build.0 = Release|x64
		{E754EC87-86BF-438C-BD24-CA3EDF6A1619}.Release|x86.ActiveCfg = Release|Win32
		{E754EC87-86BF-438C-BD24-CA3EDF6A1619}.Release|x86.Build.0 = Release|Win32
	EndGlobalSection
	GlobalSection(SolutionProperties) = preSolution
		HideSolutionNode = FALSE
	EndGlobalSection
	GlobalSection(ExtensibilityGlobals) = postSolution
		SolutionGuid = {A9E2C82E-0AB8-4F5B-BF0D-7EDC511148AB}
	EndGlobalSection
EndGlobal
